
Microsoft Visual Studio Solution File, Format Version 12.00
# Visual Studio 2013
VisualStudioVersion = 12.0.31101.0
MinimumVisualStudioVersion = 10.0.40219.1
Project("{FAE04EC0-301F-11D3-BF4B-00C04F79EFBC}") = "SharpShapes", "SharpShapes\SharpShapes.csproj", "{80C26D66-4162-4B27-82D3-94B34D196851}"
EndProject
Project("{FAE04EC0-301F-11D3-BF4B-00C04F79EFBC}") = "TestSharpShapes", "TestSharpShapes\TestSharpShapes.csproj", "{03F6DE8A-5FE8-4EDE-AF55-8BC4F719332C}"
EndProject
Project("{FAE04EC0-301F-11D3-BF4B-00C04F79EFBC}") = "GrapeShapes", "GrapeShapes\GrapeShapes.csproj", "{95765251-631F-4CD0-B9D4-0A363A975F0C}"
EndProject
Global
	GlobalSection(SolutionConfigurationPlatforms) = preSolution
		Debug|Any CPU = Debug|Any CPU
		Release|Any CPU = Release|Any CPU
	EndGlobalSection
	GlobalSection(ProjectConfigurationPlatforms) = postSolution
		{80C26D66-4162-4B27-82D3-94B34D196851}.Debug|Any CPU.ActiveCfg = Debug|Any CPU
		{80C26D66-4162-4B27-82D3-94B34D196851}.Debug|Any CPU.Build.0 = Debug|Any CPU
		{80C26D66-4162-4B27-82D3-94B34D196851}.Release|Any CPU.ActiveCfg = Release|Any CPU
		{80C26D66-4162-4B27-82D3-94B34D196851}.Release|Any CPU.Build.0 = Release|Any CPU
		{03F6DE8A-5FE8-4EDE-AF55-8BC4F719332C}.Debug|Any CPU.ActiveCfg = Debug|Any CPU
		{03F6DE8A-5FE8-4EDE-AF55-8BC4F719332C}.Debug|Any CPU.Build.0 = Debug|Any CPU
		{03F6DE8A-5FE8-4EDE-AF55-8BC4F719332C}.Release|Any CPU.ActiveCfg = Release|Any CPU
		{03F6DE8A-5FE8-4EDE-AF55-8BC4F719332C}.Release|Any CPU.Build.0 = Release|Any CPU
		{95765251-631F-4CD0-B9D4-0A363A975F0C}.Debug|Any CPU.ActiveCfg = Debug|Any CPU
		{95765251-631F-4CD0-B9D4-0A363A975F0C}.Debug|Any CPU.Build.0 = Debug|Any CPU
		{95765251-631F-4CD0-B9D4-0A363A975F0C}.Release|Any CPU.ActiveCfg = Release|Any CPU
		{95765251-631F-4CD0-B9D4-0A363A975F0C}.Release|Any CPU.Build.0 = Release|Any CPU
	EndGlobalSection
	GlobalSection(SolutionProperties) = preSolution
		HideSolutionNode = FALSE
	EndGlobalSection
EndGlobal
